
Microsoft Visual Studio Solution File, Format Version 12.00
# Visual Studio Version 17
VisualStudioVersion = 17.7.34024.191
MinimumVisualStudioVersion = 10.0.40219.1
Project("{FAE04EC0-301F-11D3-BF4B-00C04F79EFBC}") = "ClockOOP_Dolgozat", "ClockOOP_Dolgozat\ClockOOP_Dolgozat.csproj", "{34EDE6B5-CB7E-40A9-B681-15C87CB511B2}"
EndProject
Global
	GlobalSection(SolutionConfigurationPlatforms) = preSolution
		Debug|Any CPU = Debug|Any CPU
		Release|Any CPU = Release|Any CPU
	EndGlobalSection
	GlobalSection(ProjectConfigurationPlatforms) = postSolution
		{34EDE6B5-CB7E-40A9-B681-15C87CB511B2}.Debug|Any CPU.ActiveCfg = Debug|Any CPU
		{34EDE6B5-CB7E-40A9-B681-15C87CB511B2}.Debug|Any CPU.Build.0 = Debug|Any CPU
		{34EDE6B5-CB7E-40A9-B681-15C87CB511B2}.Release|Any CPU.ActiveCfg = Release|Any CPU
		{34EDE6B5-CB7E-40A9-B681-15C87CB511B2}.Release|Any CPU.Build.0 = Release|Any CPU
	EndGlobalSection
	GlobalSection(SolutionProperties) = preSolution
		HideSolutionNode = FALSE
	EndGlobalSection
	GlobalSection(ExtensibilityGlobals) = postSolution
		SolutionGuid = {F462E8FC-91C8-4A1A-ACE3-BEF31D8FC6B2}
	EndGlobalSection
EndGlobal
